
Microsoft Visual Studio Solution File, Format Version 12.00
# Visual Studio Version 16
VisualStudioVersion = 16.0.29926.136
MinimumVisualStudioVersion = 10.0.40219.1
Project("{FAE04EC0-301F-11D3-BF4B-00C04F79EFBC}") = "Emoda.PekiYaBen.Web", "Emoda.PekiYaBen.Web\Emoda.PekiYaBen.Web.csproj", "{A2DB1F26-BD5A-44D2-91AE-3FECD193956B}"
EndProject
Project("{FAE04EC0-301F-11D3-BF4B-00C04F79EFBC}") = "Emoda.PekiYaBen.Entity", "Emoda.PekiYaBen.Entity\Emoda.PekiYaBen.Entity.csproj", "{A699247D-5271-4091-B462-F53D013E1FD1}"
EndProject
Project("{FAE04EC0-301F-11D3-BF4B-00C04F79EFBC}") = "Emoda.PekiYaBen.Business", "Emoda.PekiYaBen.Business\Emoda.PekiYaBen.Business.csproj", "{7481E3FD-22E4-4088-82DD-4FA67E441DCA}"
EndProject
Project("{9A19103F-16F7-4668-BE54-9A1E7A4F7556}") = "PekiYaBen.API", "PekiYaBen.API\PekiYaBen.API\PekiYaBen.API.csproj", "{753F2B72-A5E4-4217-AB8F-2C4A017D7736}"
EndProject
Project("{FAE04EC0-301F-11D3-BF4B-00C04F79EFBC}") = "PekiYaBen.WebSite", "PekiYaBen.WebSite\PekiYaBen.WebSite.csproj", "{B36B8DA3-5D31-48D1-BA0A-AECA93DE6A30}"
EndProject
Global
	GlobalSection(SolutionConfigurationPlatforms) = preSolution
		Debug|Any CPU = Debug|Any CPU
		Release|Any CPU = Release|Any CPU
	EndGlobalSection
	GlobalSection(ProjectConfigurationPlatforms) = postSolution
		{A2DB1F26-BD5A-44D2-91AE-3FECD193956B}.Debug|Any CPU.ActiveCfg = Debug|Any CPU
		{A2DB1F26-BD5A-44D2-91AE-3FECD193956B}.Debug|Any CPU.Build.0 = Debug|Any CPU
		{A2DB1F26-BD5A-44D2-91AE-3FECD193956B}.Release|Any CPU.ActiveCfg = Release|Any CPU
		{A2DB1F26-BD5A-44D2-91AE-3FECD193956B}.Release|Any CPU.Build.0 = Release|Any CPU
		{A699247D-5271-4091-B462-F53D013E1FD1}.Debug|Any CPU.ActiveCfg = Debug|Any CPU
		{A699247D-5271-4091-B462-F53D013E1FD1}.Debug|Any CPU.Build.0 = Debug|Any CPU
		{A699247D-5271-4091-B462-F53D013E1FD1}.Release|Any CPU.ActiveCfg = Release|Any CPU
		{A699247D-5271-4091-B462-F53D013E1FD1}.Release|Any CPU.Build.0 = Release|Any CPU
		{7481E3FD-22E4-4088-82DD-4FA67E441DCA}.Debug|Any CPU.ActiveCfg = Debug|Any CPU
		{7481E3FD-22E4-4088-82DD-4FA67E441DCA}.Debug|Any CPU.Build.0 = Debug|Any CPU
		{7481E3FD-22E4-4088-82DD-4FA67E441DCA}.Release|Any CPU.ActiveCfg = Release|Any CPU
		{7481E3FD-22E4-4088-82DD-4FA67E441DCA}.Release|Any CPU.Build.0 = Release|Any CPU
		{753F2B72-A5E4-4217-AB8F-2C4A017D7736}.Debug|Any CPU.ActiveCfg = Debug|Any CPU
		{753F2B72-A5E4-4217-AB8F-2C4A017D7736}.Debug|Any CPU.Build.0 = Debug|Any CPU
		{753F2B72-A5E4-4217-AB8F-2C4A017D7736}.Release|Any CPU.ActiveCfg = Release|Any CPU
		{753F2B72-A5E4-4217-AB8F-2C4A017D7736}.Release|Any CPU.Build.0 = Release|Any CPU
		{B36B8DA3-5D31-48D1-BA0A-AECA93DE6A30}.Debug|Any CPU.ActiveCfg = Debug|Any CPU
		{B36B8DA3-5D31-48D1-BA0A-AECA93DE6A30}.Debug|Any CPU.Build.0 = Debug|Any CPU
		{B36B8DA3-5D31-48D1-BA0A-AECA93DE6A30}.Release|Any CPU.ActiveCfg = Release|Any CPU
		{B36B8DA3-5D31-48D1-BA0A-AECA93DE6A30}.Release|Any CPU.Build.0 = Release|Any CPU
	EndGlobalSection
	GlobalSection(SolutionProperties) = preSolution
		HideSolutionNode = FALSE
	EndGlobalSection
	GlobalSection(ExtensibilityGlobals) = postSolution
		SolutionGuid = {B9BC9661-029B-4936-ACDE-D8FEB9AD9936}
	EndGlobalSection
EndGlobal
